
Microsoft Visual Studio Solution File, Format Version 12.00
# Visual Studio Version 17
VisualStudioVersion = 17.3.32929.385
MinimumVisualStudioVersion = 10.0.40219.1
Project("{8BC9CEB8-8B4A-11D0-8D11-00A0C91BC942}") = "Guitar Practice Application", "Guitar Practice Application\Guitar Practice Application.vcxproj", "{4BC43094-8D9D-4498-9DF5-775FA2105632}"
EndProject
Global
	GlobalSection(SolutionConfigurationPlatforms) = preSolution
		Debug|x64 = Debug|x64
		Debug|x86 = Debug|x86
		Release|x64 = Release|x64
		Release|x86 = Release|x86
	EndGlobalSection
	GlobalSection(ProjectConfigurationPlatforms) = postSolution
		{4BC43094-8D9D-4498-9DF5-775FA2105632}.Debug|x64.ActiveCfg = Debug|x64
		{4BC43094-8D9D-4498-9DF5-775FA2105632}.Debug|x64.Build.0 = Debug|x64
		{4BC43094-8D9D-4498-9DF5-775FA2105632}.Debug|x86.ActiveCfg = Debug|Win32
		{4BC43094-8D9D-4498-9DF5-775FA2105632}.Debug|x86.Build.0 = Debug|Win32
		{4BC43094-8D9D-4498-9DF5-775FA2105632}.Release|x64.ActiveCfg = Release|x64
		{4BC43094-8D9D-4498-9DF5-775FA2105632}.Release|x64.Build.0 = Release|x64
		{4BC43094-8D9D-4498-9DF5-775FA2105632}.Release|x86.ActiveCfg = Release|Win32
		{4BC43094-8D9D-4498-9DF5-775FA2105632}.Release|x86.Build.0 = Release|Win32
	EndGlobalSection
	GlobalSection(SolutionProperties) = preSolution
		HideSolutionNode = FALSE
	EndGlobalSection
	GlobalSection(ExtensibilityGlobals) = postSolution
		SolutionGuid = {17B09FEC-83D8-4A6B-8515-937E915C1225}
	EndGlobalSection
EndGlobal
